<?xml version="1.0" encoding="utf-8"?>
<Project ToolsVersion="4.0" xmlns="http://schemas.microsoft.com/developer/msbuild/2003">
  <ItemGroup>
    <Filter Include="Resource Files">
      <UniqueIdentifier>{67DA6AB6-F800-4c08-8B7A-83BB121AAD01}</UniqueIdentifier>
      <Extensions>rc;ico;cur;bmp;dlg;rc2;rct;bin;rgs;gif;jpg;jpeg;jpe;resx;tiff;tif;png;wav;mfcribbon-ms</Extensions>
    </Filter>
    <Filter Include="Framework">
      <UniqueIdentifier>{98864c72-f8ed-4068-9314-b56c7dc57554}</UniqueIdentifier>
    </Filter>
    <Filter Include="Framework\Components">
      <UniqueIdentifier>{02b431f9-e6a0-40ff-8e83-b88c26b4d59a}</UniqueIdentifier>
    </Filter>
    <Filter Include="Framework\Graphics">
      <UniqueIdentifier>{d2bf227a-4cfe-4a1a-afba-8427cc9d6740}</UniqueIdentifier>
    </Filter>
    <Filter Include="Media">
      <UniqueIdentifier>{22bfb629-4149-495a-b508-4e7de0e6bb86}</UniqueIdentifier>
    </Filter>
    <Filter Include="Media\shaders">
      <UniqueIdentifier>{b027fdad-08c3-40b5-8fd9-2d7eae42e384}</UniqueIdentifier>
    </Filter>
  </ItemGroup>
  <ItemGroup>
    <Text Include="ReadMe.txt" />
  </ItemGroup>
  <ItemGroup>
    <ResourceCompile Include="Render.rc">
      <Filter>Resource Files</Filter>
    </ResourceCompile>
  </ItemGroup>
  <ItemGroup>
    <Image Include="small.ico">
      <Filter>Resource Files</Filter>
    </Image>
    <Image Include="Render.ico">
      <Filter>Resource Files</Filter>
    </Image>
    <Image Include="..\Media\seafloor.dds">
      <Filter>Media</Filter>
    </Image>
  </ItemGroup>
  <ItemGroup>
    <ClCompile Include="Main.cpp" />
    <ClCompile Include="Game.cpp">
      <Filter>Framework</Filter>
    </ClCompile>
    <ClCompile Include="Camera.cpp">
      <Filter>Framework\Components</Filter>
    </ClCompile>
    <ClCompile Include="VertexShader.cpp">
      <Filter>Framework\Graphics</Filter>
    </ClCompile>
    <ClCompile Include="PixelShader.cpp">
      <Filter>Framework\Graphics</Filter>
    </ClCompile>
    <ClCompile Include="Mesh3D.cpp">
      <Filter>Framework\Components</Filter>
    </ClCompile>
    <ClCompile Include="SnowMan.cpp">
      <Filter>Framework\Components</Filter>
    </ClCompile>
    <ClCompile Include="SkyBox.cpp">
      <Filter>Framework\Components</Filter>
    </ClCompile>
    <ClCompile Include="QuadRenderer.cpp">
      <Filter>Framework\Graphics</Filter>
    </ClCompile>
    <ClCompile Include="QuadPlane.cpp">
      <Filter>Framework\Components</Filter>
    </ClCompile>
  </ItemGroup>
  <ItemGroup>
    <ClInclude Include="Game.h">
      <Filter>Framework</Filter>
    </ClInclude>
    <ClInclude Include="headers.h" />
    <ClInclude Include="GameComponent.h">
      <Filter>Framework\Components</Filter>
    </ClInclude>
    <ClInclude Include="Camera.h">
      <Filter>Framework\Components</Filter>
    </ClInclude>
    <ClInclude Include="Mesh3D.h">
      <Filter>Framework\Components</Filter>
    </ClInclude>
    <ClInclude Include="VertexShader.h">
      <Filter>Framework\Graphics</Filter>
    </ClInclude>
    <ClInclude Include="PixelShader.h">
      <Filter>Framework\Graphics</Filter>
    </ClInclude>
    <ClInclude Include="ConstantBuffer.h">
      <Filter>Framework\Graphics</Filter>
    </ClInclude>
    <ClInclude Include="Mesh3DEffectFactory.h">
      <Filter>Framework\Components</Filter>
    </ClInclude>
    <ClInclude Include="SnowMan.h">
      <Filter>Framework\Components</Filter>
    </ClInclude>
    <ClInclude Include="SnowManEffectFactory.h">
      <Filter>Framework\Components</Filter>
    </ClInclude>
    <ClInclude Include="SkyBox.h">
      <Filter>Framework\Components</Filter>
    </ClInclude>
    <ClInclude Include="QuadRenderer.h">
      <Filter>Framework\Graphics</Filter>
    </ClInclude>
    <ClInclude Include="QuadPlane.h">
      <Filter>Framework\Components</Filter>
    </ClInclude>
  </ItemGroup>
  <ItemGroup>
    <None Include="..\Media\sphere.sdkmesh">
      <Filter>Media</Filter>
    </None>
  </ItemGroup>
</Project>